
Microsoft Visual Studio Solution File, Format Version 12.00
# Visual Studio Version 17
VisualStudioVersion = 17.9.34723.18
MinimumVisualStudioVersion = 10.0.40219.1
Project("{FAE04EC0-301F-11D3-BF4B-00C04F79EFBC}") = "RunWindows", "RunWindows.csproj", "{F8A3EB95-268E-4B53-A24C-99CC32B91048}"
EndProject
Global
	GlobalSection(SolutionConfigurationPlatforms) = preSolution
		Debug|Any CPU = Debug|Any CPU
		Release|Any CPU = Release|Any CPU
	EndGlobalSection
	GlobalSection(ProjectConfigurationPlatforms) = postSolution
		{F8A3EB95-268E-4B53-A24C-99CC32B91048}.Debug|Any CPU.ActiveCfg = Debug|Any CPU
		{F8A3EB95-268E-4B53-A24C-99CC32B91048}.Debug|Any CPU.Build.0 = Debug|Any CPU
		{F8A3EB95-268E-4B53-A24C-99CC32B91048}.Release|Any CPU.ActiveCfg = Release|Any CPU
		{F8A3EB95-268E-4B53-A24C-99CC32B91048}.Release|Any CPU.Build.0 = Release|Any CPU
	EndGlobalSection
	GlobalSection(SolutionProperties) = preSolution
		HideSolutionNode = FALSE
	EndGlobalSection
	GlobalSection(ExtensibilityGlobals) = postSolution
		SolutionGuid = {66A16A90-7314-4E7D-A88E-FFE54DB07199}
	EndGlobalSection
EndGlobal
